<?xml version="1.0" encoding="utf-8"?>
<Project ToolsVersion="4.0" xmlns="http://schemas.microsoft.com/developer/msbuild/2003">
  <ItemGroup>
    <Filter Include="aether">
      <UniqueIdentifier>{ff8a39df-e094-4ef5-ac43-d41108ba7049}</UniqueIdentifier>
    </Filter>
    <Filter Include="game">
      <UniqueIdentifier>{ce059925-5413-4704-a885-475148ea078c}</UniqueIdentifier>
    </Filter>
    <Filter Include="secs">
      <UniqueIdentifier>{a7d1e1ae-0709-4f70-bf7e-1505c045e74a}</UniqueIdentifier>
    </Filter>
    <Filter Include="hadron">
      <UniqueIdentifier>{9b252ef9-4fa6-4a06-9e96-2d6657d22519}</UniqueIdentifier>
    </Filter>
    <Filter Include="game\ecs">
      <UniqueIdentifier>{d615f783-5ef7-48a3-8116-2d31e0dd2b4b}</UniqueIdentifier>
    </Filter>
  </ItemGroup>
  <ItemGroup>
    <ClCompile Include="..\src\main.cpp">
      <Filter>game</Filter>
    </ClCompile>
    <ClCompile Include="..\module\aether\src\aether\audio\sdl\sdl_sample.cpp">
      <Filter>aether</Filter>
    </ClCompile>
    <ClCompile Include="..\module\aether\src\aether\audio\sdl\sdl_stream.cpp">
      <Filter>aether</Filter>
    </ClCompile>
    <ClCompile Include="..\module\aether\src\aether\core\applicationbase.cpp">
      <Filter>aether</Filter>
    </ClCompile>
    <ClCompile Include="..\module\aether\src\aether\core\handle.cpp">
      <Filter>aether</Filter>
    </ClCompile>
    <ClCompile Include="..\module\aether\src\aether\core\handledresourcemanager.cpp">
      <Filter>aether</Filter>
    </ClCompile>
    <ClCompile Include="..\module\aether\src\aether\core\iinputprocessor.cpp">
      <Filter>aether</Filter>
    </ClCompile>
    <ClCompile Include="..\module\aether\src\aether\core\iscreen.cpp">
      <Filter>aether</Filter>
    </ClCompile>
    <ClCompile Include="..\module\aether\src\aether\core\resourcemanager.cpp">
      <Filter>aether</Filter>
    </ClCompile>
    <ClCompile Include="..\module\aether\src\aether\core\sdl\sdl_application.cpp">
      <Filter>aether</Filter>
    </ClCompile>
    <ClCompile Include="..\module\aether\src\aether\core\sdl\sdl_time.cpp">
      <Filter>aether</Filter>
    </ClCompile>
    <ClCompile Include="..\module\aether\src\aether\core\utility.cpp">
      <Filter>aether</Filter>
    </ClCompile>
    <ClCompile Include="..\module\aether\src\aether\debug\animationdebugger.cpp">
      <Filter>aether</Filter>
    </ClCompile>
    <ClCompile Include="..\module\aether\src\aether\graphics\animation.cpp">
      <Filter>aether</Filter>
    </ClCompile>
    <ClCompile Include="..\module\aether\src\aether\graphics\asepriteanimloader.cpp">
      <Filter>aether</Filter>
    </ClCompile>
    <ClCompile Include="..\module\aether\src\aether\graphics\scroll.cpp">
      <Filter>aether</Filter>
    </ClCompile>
    <ClCompile Include="..\module\aether\src\aether\graphics\spritesheet.cpp">
      <Filter>aether</Filter>
    </ClCompile>
    <ClCompile Include="..\module\aether\src\aether\math\rng.cpp">
      <Filter>aether</Filter>
    </ClCompile>
    <ClCompile Include="..\module\aether\src\aether\math\tween.cpp">
      <Filter>aether</Filter>
    </ClCompile>
    <ClCompile Include="..\module\aether\src\aether\scene\animationnode.cpp">
      <Filter>aether</Filter>
    </ClCompile>
    <ClCompile Include="..\module\aether\src\aether\scene\gridnode.cpp">
      <Filter>aether</Filter>
    </ClCompile>
    <ClCompile Include="..\module\aether\src\aether\scene\scene.cpp">
      <Filter>aether</Filter>
    </ClCompile>
    <ClCompile Include="..\module\aether\src\aether\scene\texturenode.cpp">
      <Filter>aether</Filter>
    </ClCompile>
    <ClCompile Include="..\module\aether\src\aether\json11.cpp">
      <Filter>aether</Filter>
    </ClCompile>
    <ClCompile Include="..\module\aether\src\aether\core\input.cpp">
      <Filter>aether</Filter>
    </ClCompile>
    <ClCompile Include="..\module\aether\src\aether\graphics\sdl\sdl_font.cpp">
      <Filter>aether</Filter>
    </ClCompile>
    <ClCompile Include="..\module\aether\src\aether\graphics\sdl\sdl_graphics.cpp">
      <Filter>aether</Filter>
    </ClCompile>
    <ClCompile Include="..\module\aether\src\aether\graphics\sdl\sdl_locator.cpp">
      <Filter>aether</Filter>
    </ClCompile>
    <ClCompile Include="..\module\aether\src\aether\graphics\sdl\sdl_texture.cpp">
      <Filter>aether</Filter>
    </ClCompile>
    <ClCompile Include="..\src\ecs\ECSWorld.cpp">
      <Filter>game</Filter>
    </ClCompile>
    <ClCompile Include="..\module\secs\src\lib\secs\componentflagsmanager.cpp">
      <Filter>secs</Filter>
    </ClCompile>
    <ClCompile Include="..\module\secs\src\lib\secs\componentmanager.cpp">
      <Filter>secs</Filter>
    </ClCompile>
    <ClCompile Include="..\module\secs\src\lib\secs\componentstorage.cpp">
      <Filter>secs</Filter>
    </ClCompile>
    <ClCompile Include="..\module\secs\src\lib\secs\componenttraits.cpp">
      <Filter>secs</Filter>
    </ClCompile>
    <ClCompile Include="..\module\secs\src\lib\secs\eidstorage.cpp">
      <Filter>secs</Filter>
    </ClCompile>
    <ClCompile Include="..\module\secs\src\lib\secs\entity.cpp">
      <Filter>secs</Filter>
    </ClCompile>
    <ClCompile Include="..\module\secs\src\lib\secs\entityobserver.cpp">
      <Filter>secs</Filter>
    </ClCompile>
    <ClCompile Include="..\module\secs\src\lib\secs\entityprocessor.cpp">
      <Filter>secs</Filter>
    </ClCompile>
    <ClCompile Include="..\module\secs\src\lib\secs\entitysystem.cpp">
      <Filter>secs</Filter>
    </ClCompile>
    <ClCompile Include="..\module\secs\src\lib\secs\system.cpp">
      <Filter>secs</Filter>
    </ClCompile>
    <ClCompile Include="..\module\secs\src\lib\secs\systemmanager.cpp">
      <Filter>secs</Filter>
    </ClCompile>
    <ClCompile Include="..\src\screens\GameplayScreen.cpp">
      <Filter>game</Filter>
    </ClCompile>
    <ClCompile Include="..\src\Game.cpp">
      <Filter>game</Filter>
    </ClCompile>
    <ClCompile Include="..\module\hadron\src\lib\hadron\broadphase\broadphase.cpp">
      <Filter>hadron</Filter>
    </ClCompile>
    <ClCompile Include="..\module\hadron\src\lib\hadron\broadphase\bruteforcebroadphase.cpp">
      <Filter>hadron</Filter>
    </ClCompile>
    <ClCompile Include="..\module\hadron\src\lib\hadron\narrowphase\aabbnarrowphase.cpp">
      <Filter>hadron</Filter>
    </ClCompile>
    <ClCompile Include="..\module\hadron\src\lib\hadron\narrowphase\narrowphase.cpp">
      <Filter>hadron</Filter>
    </ClCompile>
    <ClCompile Include="..\module\hadron\src\lib\hadron\aabb.cpp">
      <Filter>hadron</Filter>
    </ClCompile>
    <ClCompile Include="..\module\hadron\src\lib\hadron\body.cpp">
      <Filter>hadron</Filter>
    </ClCompile>
    <ClCompile Include="..\module\hadron\src\lib\hadron\ibodyvisitor.cpp">
      <Filter>hadron</Filter>
    </ClCompile>
    <ClCompile Include="..\module\hadron\src\lib\hadron\icollisionlistener.cpp">
      <Filter>hadron</Filter>
    </ClCompile>
    <ClCompile Include="..\module\hadron\src\lib\hadron\util.cpp">
      <Filter>hadron</Filter>
    </ClCompile>
    <ClCompile Include="..\module\hadron\src\lib\hadron\vec.cpp">
      <Filter>hadron</Filter>
    </ClCompile>
    <ClCompile Include="..\src\ecs\AnimationSystem.cpp">
      <Filter>game\ecs</Filter>
    </ClCompile>
    <ClCompile Include="..\src\ecs\DieSystem.cpp">
      <Filter>game\ecs</Filter>
    </ClCompile>
    <ClCompile Include="..\src\ecs\HadronCollisionSystem.cpp">
      <Filter>game\ecs</Filter>
    </ClCompile>
    <ClCompile Include="..\src\ecs\HealthSystem.cpp">
      <Filter>game\ecs</Filter>
    </ClCompile>
    <ClCompile Include="..\src\ecs\PlayerInputSystem.cpp">
      <Filter>game\ecs</Filter>
    </ClCompile>
    <ClCompile Include="..\src\ecs\RenderTextSystem.cpp">
      <Filter>game\ecs</Filter>
    </ClCompile>
    <ClCompile Include="..\src\ecs\RenderTextureSystem.cpp">
      <Filter>game\ecs</Filter>
    </ClCompile>
    <ClCompile Include="..\src\ecs\ShootingSystem.cpp">
      <Filter>game\ecs</Filter>
    </ClCompile>
    <ClCompile Include="..\src\ecs\StarsFieldSystem.cpp">
      <Filter>game\ecs</Filter>
    </ClCompile>
    <ClCompile Include="..\src\ecs\MovementSystem.cpp">
      <Filter>game\ecs</Filter>
    </ClCompile>
  </ItemGroup>
  <ItemGroup>
    <ClInclude Include="..\module\aether\src\aether\audio\playmode.h">
      <Filter>aether</Filter>
    </ClInclude>
    <ClInclude Include="..\module\aether\src\aether\audio\sample.h">
      <Filter>aether</Filter>
    </ClInclude>
    <ClInclude Include="..\module\aether\src\aether\audio\stream.h">
      <Filter>aether</Filter>
    </ClInclude>
    <ClInclude Include="..\module\aether\src\aether\core\applicationbase.h">
      <Filter>aether</Filter>
    </ClInclude>
    <ClInclude Include="..\module\aether\src\aether\core\handle.h">
      <Filter>aether</Filter>
    </ClInclude>
    <ClInclude Include="..\module\aether\src\aether\core\handledresourcemanager.h">
      <Filter>aether</Filter>
    </ClInclude>
    <ClInclude Include="..\module\aether\src\aether\core\iinputprocessor.h">
      <Filter>aether</Filter>
    </ClInclude>
    <ClInclude Include="..\module\aether\src\aether\core\input.h">
      <Filter>aether</Filter>
    </ClInclude>
    <ClInclude Include="..\module\aether\src\aether\core\iscreen.h">
      <Filter>aether</Filter>
    </ClInclude>
    <ClInclude Include="..\module\aether\src\aether\core\resourcemanager.h">
      <Filter>aether</Filter>
    </ClInclude>
    <ClInclude Include="..\module\aether\src\aether\core\sdl\sdl_application.h">
      <Filter>aether</Filter>
    </ClInclude>
    <ClInclude Include="..\module\aether\src\aether\core\sdl\sdl_keycode.h">
      <Filter>aether</Filter>
    </ClInclude>
    <ClInclude Include="..\module\aether\src\aether\core\time.h">
      <Filter>aether</Filter>
    </ClInclude>
    <ClInclude Include="..\module\aether\src\aether\core\utility.h">
      <Filter>aether</Filter>
    </ClInclude>
    <ClInclude Include="..\module\aether\src\aether\debug\animationdebugger.h">
      <Filter>aether</Filter>
    </ClInclude>
    <ClInclude Include="..\module\aether\src\aether\graphics\animation.h">
      <Filter>aether</Filter>
    </ClInclude>
    <ClInclude Include="..\module\aether\src\aether\graphics\asepriteanimloader.h">
      <Filter>aether</Filter>
    </ClInclude>
    <ClInclude Include="..\module\aether\src\aether\graphics\color.h">
      <Filter>aether</Filter>
    </ClInclude>
    <ClInclude Include="..\module\aether\src\aether\graphics\font.h">
      <Filter>aether</Filter>
    </ClInclude>
    <ClInclude Include="..\module\aether\src\aether\graphics\graphics.h">
      <Filter>aether</Filter>
    </ClInclude>
    <ClInclude Include="..\module\aether\src\aether\graphics\scroll.h">
      <Filter>aether</Filter>
    </ClInclude>
    <ClInclude Include="..\module\aether\src\aether\graphics\spritesheet.h">
      <Filter>aether</Filter>
    </ClInclude>
    <ClInclude Include="..\module\aether\src\aether\graphics\texture.h">
      <Filter>aether</Filter>
    </ClInclude>
    <ClInclude Include="..\module\aether\src\aether\math\matrix.h">
      <Filter>aether</Filter>
    </ClInclude>
    <ClInclude Include="..\module\aether\src\aether\math\rect.h">
      <Filter>aether</Filter>
    </ClInclude>
    <ClInclude Include="..\module\aether\src\aether\math\rng.h">
      <Filter>aether</Filter>
    </ClInclude>
    <ClInclude Include="..\module\aether\src\aether\math\tween.h">
      <Filter>aether</Filter>
    </ClInclude>
    <ClInclude Include="..\module\aether\src\aether\math\vec.h">
      <Filter>aether</Filter>
    </ClInclude>
    <ClInclude Include="..\module\aether\src\aether\resources\asepriteanimationloader.h">
      <Filter>aether</Filter>
    </ClInclude>
    <ClInclude Include="..\module\aether\src\aether\scene\animationnode.h">
      <Filter>aether</Filter>
    </ClInclude>
    <ClInclude Include="..\module\aether\src\aether\scene\gridnode.h">
      <Filter>aether</Filter>
    </ClInclude>
    <ClInclude Include="..\module\aether\src\aether\scene\scene.h">
      <Filter>aether</Filter>
    </ClInclude>
    <ClInclude Include="..\module\aether\src\aether\scene\texturenode.h">
      <Filter>aether</Filter>
    </ClInclude>
    <ClInclude Include="..\module\aether\src\aether\aether.h">
      <Filter>aether</Filter>
    </ClInclude>
    <ClInclude Include="..\module\aether\src\aether\json11.hpp">
      <Filter>aether</Filter>
    </ClInclude>
    <ClInclude Include="..\module\aether\src\aether\platform.h">
      <Filter>aether</Filter>
    </ClInclude>
    <ClInclude Include="..\module\aether\src\aether\graphics\sdl\sdl_locator.h">
      <Filter>aether</Filter>
    </ClInclude>
    <ClInclude Include="..\src\ecs\ECSWorld.h">
      <Filter>game</Filter>
    </ClInclude>
    <ClInclude Include="..\module\secs\src\lib\secs\bits.h">
      <Filter>secs</Filter>
    </ClInclude>
    <ClInclude Include="..\module\secs\src\lib\secs\componentflagsmanager.h">
      <Filter>secs</Filter>
    </ClInclude>
    <ClInclude Include="..\module\secs\src\lib\secs\componentmanager.h">
      <Filter>secs</Filter>
    </ClInclude>
    <ClInclude Include="..\module\secs\src\lib\secs\componentstorage.h">
      <Filter>secs</Filter>
    </ClInclude>
    <ClInclude Include="..\module\secs\src\lib\secs\componenttraits.h">
      <Filter>secs</Filter>
    </ClInclude>
    <ClInclude Include="..\module\secs\src\lib\secs\config.h">
      <Filter>secs</Filter>
    </ClInclude>
    <ClInclude Include="..\module\secs\src\lib\secs\eidstorage.h">
      <Filter>secs</Filter>
    </ClInclude>
    <ClInclude Include="..\module\secs\src\lib\secs\engine.h">
      <Filter>secs</Filter>
    </ClInclude>
    <ClInclude Include="..\module\secs\src\lib\secs\entity.h">
      <Filter>secs</Filter>
    </ClInclude>
    <ClInclude Include="..\module\secs\src\lib\secs\entityobserver.h">
      <Filter>secs</Filter>
    </ClInclude>
    <ClInclude Include="..\module\secs\src\lib\secs\entityprocessor.h">
      <Filter>secs</Filter>
    </ClInclude>
    <ClInclude Include="..\module\secs\src\lib\secs\entitysystem.h">
      <Filter>secs</Filter>
    </ClInclude>
    <ClInclude Include="..\module\secs\src\lib\secs\secs.h">
      <Filter>secs</Filter>
    </ClInclude>
    <ClInclude Include="..\module\secs\src\lib\secs\system.h">
      <Filter>secs</Filter>
    </ClInclude>
    <ClInclude Include="..\module\secs\src\lib\secs\systemmanager.h">
      <Filter>secs</Filter>
    </ClInclude>
    <ClInclude Include="..\module\aether\src\aether\graphics\sdl\sdl_texure.h">
      <Filter>aether</Filter>
    </ClInclude>
    <ClInclude Include="..\src\screens\GameplayScreen.h">
      <Filter>game</Filter>
    </ClInclude>
    <ClInclude Include="..\src\Game.h">
      <Filter>game</Filter>
    </ClInclude>
    <ClInclude Include="..\module\hadron\src\lib\hadron\broadphase\broadphase.h">
      <Filter>hadron</Filter>
    </ClInclude>
    <ClInclude Include="..\module\hadron\src\lib\hadron\broadphase\bruteforcebroadphase.h">
      <Filter>hadron</Filter>
    </ClInclude>
    <ClInclude Include="..\module\hadron\src\lib\hadron\narrowphase\aabbnarrowphase.h">
      <Filter>hadron</Filter>
    </ClInclude>
    <ClInclude Include="..\module\hadron\src\lib\hadron\narrowphase\narrowphase.h">
      <Filter>hadron</Filter>
    </ClInclude>
    <ClInclude Include="..\module\hadron\src\lib\hadron\aabb.h">
      <Filter>hadron</Filter>
    </ClInclude>
    <ClInclude Include="..\module\hadron\src\lib\hadron\body.h">
      <Filter>hadron</Filter>
    </ClInclude>
    <ClInclude Include="..\module\hadron\src\lib\hadron\hadron.h">
      <Filter>hadron</Filter>
    </ClInclude>
    <ClInclude Include="..\module\hadron\src\lib\hadron\ibodyvisitor.h">
      <Filter>hadron</Filter>
    </ClInclude>
    <ClInclude Include="..\module\hadron\src\lib\hadron\icollisionlistener.h">
      <Filter>hadron</Filter>
    </ClInclude>
    <ClInclude Include="..\module\hadron\src\lib\hadron\util.h">
      <Filter>hadron</Filter>
    </ClInclude>
    <ClInclude Include="..\module\hadron\src\lib\hadron\vec.h">
      <Filter>hadron</Filter>
    </ClInclude>
    <ClInclude Include="..\module\hadron\src\lib\hadron\world.h">
      <Filter>hadron</Filter>
    </ClInclude>
    <ClInclude Include="..\src\ecs\AnimationSystem.h">
      <Filter>game\ecs</Filter>
    </ClInclude>
    <ClInclude Include="..\src\ecs\Components.h">
      <Filter>game\ecs</Filter>
    </ClInclude>
    <ClInclude Include="..\src\ecs\DieSystem.h">
      <Filter>game\ecs</Filter>
    </ClInclude>
    <ClInclude Include="..\src\ecs\HadronCollisionSystem.h">
      <Filter>game\ecs</Filter>
    </ClInclude>
    <ClInclude Include="..\src\ecs\HealthSystem.h">
      <Filter>game\ecs</Filter>
    </ClInclude>
    <ClInclude Include="..\src\ecs\PlayerInputSystem.h">
      <Filter>game\ecs</Filter>
    </ClInclude>
    <ClInclude Include="..\src\ecs\RenderTextSystem.h">
      <Filter>game\ecs</Filter>
    </ClInclude>
    <ClInclude Include="..\src\ecs\RenderTextureSystem.h">
      <Filter>game\ecs</Filter>
    </ClInclude>
    <ClInclude Include="..\src\ecs\ShootingSystem.h">
      <Filter>game\ecs</Filter>
    </ClInclude>
    <ClInclude Include="..\src\ecs\StarsFieldSystem.h">
      <Filter>game\ecs</Filter>
    </ClInclude>
    <ClInclude Include="..\src\ecs\Systems.h">
      <Filter>game\ecs</Filter>
    </ClInclude>
    <ClInclude Include="..\src\ecs\MovementSystem.h">
      <Filter>game\ecs</Filter>
    </ClInclude>
  </ItemGroup>
  <ItemGroup>
    <None Include="..\module\aether\src\aether\json11.pc.in">
      <Filter>aether</Filter>
    </None>
  </ItemGroup>
</Project>